
Microsoft Visual Studio Solution File, Format Version 12.00
# Visual Studio Version 17
VisualStudioVersion = 17.10.35013.160
MinimumVisualStudioVersion = 10.0.40219.1
Project("{FAE04EC0-301F-11D3-BF4B-00C04F79EFBC}") = "Globalping", "Globalping\Globalping.csproj", "{2C5141D7-6C49-4B94-BF07-D0C927A0107C}"
EndProject
Project("{FAE04EC0-301F-11D3-BF4B-00C04F79EFBC}") = "Globalping.Examples", "Globalping.Examples\Globalping.Examples.csproj", "{C31184F2-7EDB-43B7-A03B-2013EB0400CE}"
EndProject
Global
	GlobalSection(SolutionConfigurationPlatforms) = preSolution
		Debug|Any CPU = Debug|Any CPU
		Release|Any CPU = Release|Any CPU
	EndGlobalSection
	GlobalSection(ProjectConfigurationPlatforms) = postSolution
		{2C5141D7-6C49-4B94-BF07-D0C927A0107C}.Debug|Any CPU.ActiveCfg = Debug|Any CPU
		{2C5141D7-6C49-4B94-BF07-D0C927A0107C}.Debug|Any CPU.Build.0 = Debug|Any CPU
		{2C5141D7-6C49-4B94-BF07-D0C927A0107C}.Release|Any CPU.ActiveCfg = Release|Any CPU
		{2C5141D7-6C49-4B94-BF07-D0C927A0107C}.Release|Any CPU.Build.0 = Release|Any CPU
		{C31184F2-7EDB-43B7-A03B-2013EB0400CE}.Debug|Any CPU.ActiveCfg = Debug|Any CPU
		{C31184F2-7EDB-43B7-A03B-2013EB0400CE}.Debug|Any CPU.Build.0 = Debug|Any CPU
		{C31184F2-7EDB-43B7-A03B-2013EB0400CE}.Release|Any CPU.ActiveCfg = Release|Any CPU
		{C31184F2-7EDB-43B7-A03B-2013EB0400CE}.Release|Any CPU.Build.0 = Release|Any CPU
	EndGlobalSection
	GlobalSection(SolutionProperties) = preSolution
		HideSolutionNode = FALSE
	EndGlobalSection
	GlobalSection(ExtensibilityGlobals) = postSolution
		SolutionGuid = {D410281B-454D-46EB-B12D-06AEA7648694}
	EndGlobalSection
EndGlobal
